# Generated by pub
# See http://pub.dartlang.org/doc/glossary.html#lockfile
packages:
  fixnum:
    description:
      name: fixnum
      url: "https://pub.dartlang.org"
    source: hosted
    version: "0.10.5"
  path:
    description:
      name: path
      url: "https://pub.dartlang.org"
    source: hosted
    version: "1.3.9"
  protobuf:
    description:
      name: protobuf
      url: "https://pub.dartlang.org"
    source: hosted
    version: "0.5.3"
sdks:
  dart: ">=1.13.0 <2.0.0"
